
Microsoft Visual Studio Solution File, Format Version 12.00
# Visual Studio Version 16
VisualStudioVersion = 16.0.31410.357
MinimumVisualStudioVersion = 10.0.40219.1
Project("{FAE04EC0-301F-11D3-BF4B-00C04F79EFBC}") = "QLBook3", "QLBook3\QLBook3.csproj", "{1A1C6A9A-ADBD-4941-B6C3-6465DF1AF7B2}"
EndProject
Global
	GlobalSection(SolutionConfigurationPlatforms) = preSolution
		Debug|Any CPU = Debug|Any CPU
		Release|Any CPU = Release|Any CPU
	EndGlobalSection
	GlobalSection(ProjectConfigurationPlatforms) = postSolution
		{1A1C6A9A-ADBD-4941-B6C3-6465DF1AF7B2}.Debug|Any CPU.ActiveCfg = Debug|Any CPU
		{1A1C6A9A-ADBD-4941-B6C3-6465DF1AF7B2}.Debug|Any CPU.Build.0 = Debug|Any CPU
		{1A1C6A9A-ADBD-4941-B6C3-6465DF1AF7B2}.Release|Any CPU.ActiveCfg = Release|Any CPU
		{1A1C6A9A-ADBD-4941-B6C3-6465DF1AF7B2}.Release|Any CPU.Build.0 = Release|Any CPU
	EndGlobalSection
	GlobalSection(SolutionProperties) = preSolution
		HideSolutionNode = FALSE
	EndGlobalSection
	GlobalSection(ExtensibilityGlobals) = postSolution
		SolutionGuid = {75E74CBF-4247-4325-BD32-7D6D976A8513}
	EndGlobalSection
EndGlobal
